
Microsoft Visual Studio Solution File, Format Version 12.00
# Visual Studio 15
VisualStudioVersion = 15.0.28010.2050
MinimumVisualStudioVersion = 10.0.40219.1
Project("{159641D6-6404-4A2A-AE62-294DE0FE8301}") = "europe", "europe\europe.dtproj", "{121EFA99-8E98-4A63-9D58-832780462ADB}"
EndProject
Global
	GlobalSection(SolutionConfigurationPlatforms) = preSolution
		Development|Default = Development|Default
	EndGlobalSection
	GlobalSection(ProjectConfigurationPlatforms) = postSolution
		{121EFA99-8E98-4A63-9D58-832780462ADB}.Development|Default.ActiveCfg = Development
		{121EFA99-8E98-4A63-9D58-832780462ADB}.Development|Default.Build.0 = Development
	EndGlobalSection
	GlobalSection(SolutionProperties) = preSolution
		HideSolutionNode = FALSE
	EndGlobalSection
	GlobalSection(ExtensibilityGlobals) = postSolution
		SolutionGuid = {25180A45-A0D9-42F4-876C-36FC6680AADC}
	EndGlobalSection
EndGlobal
